
Microsoft Visual Studio Solution File, Format Version 12.00
# Visual Studio Version 17
VisualStudioVersion = 17.2.32516.85
MinimumVisualStudioVersion = 10.0.40219.1
Project("{9A19103F-16F7-4668-BE54-9A1E7A4F7556}") = "Game", "src\Game\Game.csproj", "{7D9CC7C1-0008-4B12-94F1-08FAC535A4B6}"
EndProject
Global
	GlobalSection(SolutionConfigurationPlatforms) = preSolution
		Debug|Any CPU = Debug|Any CPU
		ExportDebug|Any CPU = ExportDebug|Any CPU
		ExportRelease|Any CPU = ExportRelease|Any CPU
	EndGlobalSection
	GlobalSection(ProjectConfigurationPlatforms) = postSolution
		{7D9CC7C1-0008-4B12-94F1-08FAC535A4B6}.Debug|Any CPU.ActiveCfg = Debug|Any CPU
		{7D9CC7C1-0008-4B12-94F1-08FAC535A4B6}.Debug|Any CPU.Build.0 = Debug|Any CPU
		{7D9CC7C1-0008-4B12-94F1-08FAC535A4B6}.ExportDebug|Any CPU.ActiveCfg = ExportDebug|Any CPU
		{7D9CC7C1-0008-4B12-94F1-08FAC535A4B6}.ExportDebug|Any CPU.Build.0 = ExportDebug|Any CPU
		{7D9CC7C1-0008-4B12-94F1-08FAC535A4B6}.ExportRelease|Any CPU.ActiveCfg = ExportRelease|Any CPU
		{7D9CC7C1-0008-4B12-94F1-08FAC535A4B6}.ExportRelease|Any CPU.Build.0 = ExportRelease|Any CPU
	EndGlobalSection
	GlobalSection(SolutionProperties) = preSolution
		HideSolutionNode = FALSE
	EndGlobalSection
	GlobalSection(ExtensibilityGlobals) = postSolution
		SolutionGuid = {CF97F3F7-0103-4980-B52E-4E2B1E2D58CE}
	EndGlobalSection
EndGlobal
